
Microsoft Visual Studio Solution File, Format Version 12.00
# Visual Studio Version 16
VisualStudioVersion = 16.0.34902.97
MinimumVisualStudioVersion = 10.0.40219.1
Project("{FAE04EC0-301F-11D3-BF4B-00C04F79EFBC}") = "FilterControl", "FilterControl\FilterControl.csproj", "{21540012-A296-45CE-8D35-3EA5A07B32A6}"
EndProject
Project("{FAE04EC0-301F-11D3-BF4B-00C04F79EFBC}") = "ZeroTrustDemo", "ZeroTrustDemo\ZeroTrustDemo.csproj", "{AD31CEC2-EC8C-4A61-8C22-7DF757D3745D}"
EndProject
Global
	GlobalSection(SolutionConfigurationPlatforms) = preSolution
		Debug|Any CPU = Debug|Any CPU
		Release|Any CPU = Release|Any CPU
	EndGlobalSection
	GlobalSection(ProjectConfigurationPlatforms) = postSolution
		{21540012-A296-45CE-8D35-3EA5A07B32A6}.Debug|Any CPU.ActiveCfg = Debug|Any CPU
		{21540012-A296-45CE-8D35-3EA5A07B32A6}.Debug|Any CPU.Build.0 = Debug|Any CPU
		{21540012-A296-45CE-8D35-3EA5A07B32A6}.Release|Any CPU.ActiveCfg = Release|Any CPU
		{21540012-A296-45CE-8D35-3EA5A07B32A6}.Release|Any CPU.Build.0 = Release|Any CPU
		{AD31CEC2-EC8C-4A61-8C22-7DF757D3745D}.Debug|Any CPU.ActiveCfg = Debug|Any CPU
		{AD31CEC2-EC8C-4A61-8C22-7DF757D3745D}.Debug|Any CPU.Build.0 = Debug|Any CPU
		{AD31CEC2-EC8C-4A61-8C22-7DF757D3745D}.Release|Any CPU.ActiveCfg = Release|Any CPU
		{AD31CEC2-EC8C-4A61-8C22-7DF757D3745D}.Release|Any CPU.Build.0 = Release|Any CPU
	EndGlobalSection
	GlobalSection(SolutionProperties) = preSolution
		HideSolutionNode = FALSE
	EndGlobalSection
	GlobalSection(ExtensibilityGlobals) = postSolution
		SolutionGuid = {6EB06818-9A5E-45A4-A7C6-100C11226592}
	EndGlobalSection
EndGlobal
